
Microsoft Visual Studio Solution File, Format Version 12.00
# Visual Studio Version 17
VisualStudioVersion = 17.10.34804.81
MinimumVisualStudioVersion = 10.0.40219.1
Project("{9A19103F-16F7-4668-BE54-9A1E7A4F7556}") = "CialloBot", "CialloBot\CialloBot.csproj", "{7545B3D5-14FE-42B0-9C18-C3D930E361AC}"
EndProject
Project("{9A19103F-16F7-4668-BE54-9A1E7A4F7556}") = "CialloBot.Test", "CialloBot.Test\CialloBot.Test.csproj", "{CC93F940-DEE3-4ACC-A95E-5D6E2AD050DF}"
EndProject
Project("{9A19103F-16F7-4668-BE54-9A1E7A4F7556}") = "TestPlugin", "TestPlugin\TestPlugin.csproj", "{C1CCE5AE-04BE-465B-9B6C-975F6E026C03}"
EndProject
Project("{9A19103F-16F7-4668-BE54-9A1E7A4F7556}") = "Lagrange.Core", "Lagrange.Core\Lagrange.Core\Lagrange.Core.csproj", "{16D1BAC2-2F8B-4DDD-81C6-B3AD7D2BE46B}"
EndProject
Global
	GlobalSection(SolutionConfigurationPlatforms) = preSolution
		Debug|Any CPU = Debug|Any CPU
		Release|Any CPU = Release|Any CPU
	EndGlobalSection
	GlobalSection(ProjectConfigurationPlatforms) = postSolution
		{7545B3D5-14FE-42B0-9C18-C3D930E361AC}.Debug|Any CPU.ActiveCfg = Debug|Any CPU
		{7545B3D5-14FE-42B0-9C18-C3D930E361AC}.Debug|Any CPU.Build.0 = Debug|Any CPU
		{7545B3D5-14FE-42B0-9C18-C3D930E361AC}.Release|Any CPU.ActiveCfg = Release|Any CPU
		{7545B3D5-14FE-42B0-9C18-C3D930E361AC}.Release|Any CPU.Build.0 = Release|Any CPU
		{CC93F940-DEE3-4ACC-A95E-5D6E2AD050DF}.Debug|Any CPU.ActiveCfg = Debug|Any CPU
		{CC93F940-DEE3-4ACC-A95E-5D6E2AD050DF}.Debug|Any CPU.Build.0 = Debug|Any CPU
		{CC93F940-DEE3-4ACC-A95E-5D6E2AD050DF}.Release|Any CPU.ActiveCfg = Release|Any CPU
		{CC93F940-DEE3-4ACC-A95E-5D6E2AD050DF}.Release|Any CPU.Build.0 = Release|Any CPU
		{C1CCE5AE-04BE-465B-9B6C-975F6E026C03}.Debug|Any CPU.ActiveCfg = Debug|Any CPU
		{C1CCE5AE-04BE-465B-9B6C-975F6E026C03}.Debug|Any CPU.Build.0 = Debug|Any CPU
		{C1CCE5AE-04BE-465B-9B6C-975F6E026C03}.Release|Any CPU.ActiveCfg = Release|Any CPU
		{C1CCE5AE-04BE-465B-9B6C-975F6E026C03}.Release|Any CPU.Build.0 = Release|Any CPU
		{16D1BAC2-2F8B-4DDD-81C6-B3AD7D2BE46B}.Debug|Any CPU.ActiveCfg = Debug|Any CPU
		{16D1BAC2-2F8B-4DDD-81C6-B3AD7D2BE46B}.Debug|Any CPU.Build.0 = Debug|Any CPU
		{16D1BAC2-2F8B-4DDD-81C6-B3AD7D2BE46B}.Release|Any CPU.ActiveCfg = Release|Any CPU
		{16D1BAC2-2F8B-4DDD-81C6-B3AD7D2BE46B}.Release|Any CPU.Build.0 = Release|Any CPU
	EndGlobalSection
	GlobalSection(SolutionProperties) = preSolution
		HideSolutionNode = FALSE
	EndGlobalSection
	GlobalSection(ExtensibilityGlobals) = postSolution
		SolutionGuid = {F06A627A-69F1-43B7-8C40-CAE2A6E1461E}
	EndGlobalSection
EndGlobal
